
Microsoft Visual Studio Solution File, Format Version 12.00
# Visual Studio Version 16
VisualStudioVersion = 16.0.29920.165
MinimumVisualStudioVersion = 10.0.40219.1
Project("{9A19103F-16F7-4668-BE54-9A1E7A4F7556}") = "Matrix.TaskManager", "TaskManager\Matrix.TaskManager\Matrix.TaskManager.csproj", "{6E5B685D-0182-4AE8-8B65-77DBBF4AC275}"
EndProject
Project("{2150E333-8FDC-42A3-9474-1A3956D46DE8}") = "Common", "Common", "{5272C9EC-6398-48FA-B158-8B02C66B0067}"
EndProject
Project("{2150E333-8FDC-42A3-9474-1A3956D46DE8}") = "TaskManager", "TaskManager", "{39655C72-03F7-4932-A6AF-22239EDF7B83}"
EndProject
Project("{9A19103F-16F7-4668-BE54-9A1E7A4F7556}") = "Matrix.TaskManager.Common", "Common\Matrix.TaskManager.Common\Matrix.TaskManager.Common.csproj", "{05E67A1B-A3EB-406D-B186-E3695A597D0D}"
EndProject
Project("{9A19103F-16F7-4668-BE54-9A1E7A4F7556}") = "Matrix.TaskManager.Tester", "TaskManager\Matrix.TaskManager.Tester\Matrix.TaskManager.Tester.csproj", "{6CCFEC0F-D881-426F-A45A-60881178594C}"
EndProject
Project("{2150E333-8FDC-42A3-9474-1A3956D46DE8}") = "DBTester", "DBTester", "{52D35F33-D140-4EE6-A886-DB26889CC2BD}"
EndProject
Global
	GlobalSection(SolutionConfigurationPlatforms) = preSolution
		Debug|Any CPU = Debug|Any CPU
		Release|Any CPU = Release|Any CPU
	EndGlobalSection
	GlobalSection(ProjectConfigurationPlatforms) = postSolution
		{6E5B685D-0182-4AE8-8B65-77DBBF4AC275}.Debug|Any CPU.ActiveCfg = Debug|Any CPU
		{6E5B685D-0182-4AE8-8B65-77DBBF4AC275}.Debug|Any CPU.Build.0 = Debug|Any CPU
		{6E5B685D-0182-4AE8-8B65-77DBBF4AC275}.Release|Any CPU.ActiveCfg = Release|Any CPU
		{6E5B685D-0182-4AE8-8B65-77DBBF4AC275}.Release|Any CPU.Build.0 = Release|Any CPU
		{05E67A1B-A3EB-406D-B186-E3695A597D0D}.Debug|Any CPU.ActiveCfg = Debug|Any CPU
		{05E67A1B-A3EB-406D-B186-E3695A597D0D}.Debug|Any CPU.Build.0 = Debug|Any CPU
		{05E67A1B-A3EB-406D-B186-E3695A597D0D}.Release|Any CPU.ActiveCfg = Release|Any CPU
		{05E67A1B-A3EB-406D-B186-E3695A597D0D}.Release|Any CPU.Build.0 = Release|Any CPU
		{6CCFEC0F-D881-426F-A45A-60881178594C}.Debug|Any CPU.ActiveCfg = Debug|Any CPU
		{6CCFEC0F-D881-426F-A45A-60881178594C}.Debug|Any CPU.Build.0 = Debug|Any CPU
		{6CCFEC0F-D881-426F-A45A-60881178594C}.Release|Any CPU.ActiveCfg = Release|Any CPU
		{6CCFEC0F-D881-426F-A45A-60881178594C}.Release|Any CPU.Build.0 = Release|Any CPU
	EndGlobalSection
	GlobalSection(SolutionProperties) = preSolution
		HideSolutionNode = FALSE
	EndGlobalSection
	GlobalSection(NestedProjects) = preSolution
		{6E5B685D-0182-4AE8-8B65-77DBBF4AC275} = {39655C72-03F7-4932-A6AF-22239EDF7B83}
		{05E67A1B-A3EB-406D-B186-E3695A597D0D} = {5272C9EC-6398-48FA-B158-8B02C66B0067}
		{6CCFEC0F-D881-426F-A45A-60881178594C} = {39655C72-03F7-4932-A6AF-22239EDF7B83}
	EndGlobalSection
	GlobalSection(ExtensibilityGlobals) = postSolution
		SolutionGuid = {D3AE7833-0B93-4158-B5AC-AC49A295BA4D}
	EndGlobalSection
EndGlobal
